
Microsoft Visual Studio Solution File, Format Version 12.00
# Visual Studio Version 16
VisualStudioVersion = 16.0.29613.14
MinimumVisualStudioVersion = 10.0.40219.1
Project("{FAE04EC0-301F-11D3-BF4B-00C04F79EFBC}") = "uyg", "uyg\uyg.csproj", "{04C1F023-77FB-4420-B218-039269314EBC}"
EndProject
Project("{2150E333-8FDC-42A3-9474-1A3956D46DE8}") = "Solution Items", "Solution Items", "{B0189AC8-6BEF-43ED-AE5A-544921D68138}"
	ProjectSection(SolutionItems) = preProject
		.editorconfig = .editorconfig
	EndProjectSection
EndProject
Global
	GlobalSection(SolutionConfigurationPlatforms) = preSolution
		Debug|Any CPU = Debug|Any CPU
		Release|Any CPU = Release|Any CPU
	EndGlobalSection
	GlobalSection(ProjectConfigurationPlatforms) = postSolution
		{04C1F023-77FB-4420-B218-039269314EBC}.Debug|Any CPU.ActiveCfg = Debug|Any CPU
		{04C1F023-77FB-4420-B218-039269314EBC}.Debug|Any CPU.Build.0 = Debug|Any CPU
		{04C1F023-77FB-4420-B218-039269314EBC}.Release|Any CPU.ActiveCfg = Release|Any CPU
		{04C1F023-77FB-4420-B218-039269314EBC}.Release|Any CPU.Build.0 = Release|Any CPU
	EndGlobalSection
	GlobalSection(SolutionProperties) = preSolution
		HideSolutionNode = FALSE
	EndGlobalSection
	GlobalSection(ExtensibilityGlobals) = postSolution
		SolutionGuid = {9BBC3C39-CD2F-4C76-92B5-E9D0DBEE7923}
	EndGlobalSection
EndGlobal
